{
  "pins" : [
    {
      "identity" : "swiftlystructcache",
      "kind" : "remoteSourceControl",
      "location" : "https://github.com/Desbeers/SwiftlyStructCache",
      "state" : {
        "branch" : "main",
        "revision" : "96346529ca304eeed2412a8140ca2661f162115c"
      }
    }
  ],
  "version" : 2
}
