// !$*UTF8*$!
{
	archiveVersion = 1;
	classes = {
	};
	objectVersion = 55;
	objects = {

/* Begin PBXBuildFile section */
		D790FCBE28676F2300F0D694 /* KodiRemoteApp.swift in Sources */ = {isa = PBXBuildFile; fileRef = D790FCAE28676F2200F0D694 /* KodiRemoteApp.swift */; };
		D790FCBF28676F2300F0D694 /* KodiRemoteApp.swift in Sources */ = {isa = PBXBuildFile; fileRef = D790FCAE28676F2200F0D694 /* KodiRemoteApp.swift */; };
		D790FCC028676F2300F0D694 /* ContentView.swift in Sources */ = {isa = PBXBuildFile; fileRef = D790FCAF28676F2200F0D694 /* ContentView.swift */; };
		D790FCC128676F2300F0D694 /* ContentView.swift in Sources */ = {isa = PBXBuildFile; fileRef = D790FCAF28676F2200F0D694 /* ContentView.swift */; };
		D790FCC228676F2300F0D694 /* Assets.xcassets in Resources */ = {isa = PBXBuildFile; fileRef = D790FCB028676F2300F0D694 /* Assets.xcassets */; };
		D790FCC328676F2300F0D694 /* Assets.xcassets in Resources */ = {isa = PBXBuildFile; fileRef = D790FCB028676F2300F0D694 /* Assets.xcassets */; };
		D790FCDE28676FB200F0D694 /* KodiRemoteApp.swift in Sources */ = {isa = PBXBuildFile; fileRef = D790FCAE28676F2200F0D694 /* KodiRemoteApp.swift */; };
		D790FCDF28676FB600F0D694 /* ContentView.swift in Sources */ = {isa = PBXBuildFile; fileRef = D790FCAF28676F2200F0D694 /* ContentView.swift */; };
		D790FCE028676FF100F0D694 /* Assets.xcassets in Resources */ = {isa = PBXBuildFile; fileRef = D790FCB028676F2300F0D694 /* Assets.xcassets */; };
		D790FCE42867704300F0D694 /* SwiftlyKodiAPI in Frameworks */ = {isa = PBXBuildFile; productRef = D790FCE32867704300F0D694 /* SwiftlyKodiAPI */; };
		D790FCE62867704900F0D694 /* SwiftlyKodiAPI in Frameworks */ = {isa = PBXBuildFile; productRef = D790FCE52867704900F0D694 /* SwiftlyKodiAPI */; };
/* End PBXBuildFile section */

/* Begin PBXFileReference section */
		D790FCAE28676F2200F0D694 /* KodiRemoteApp.swift */ = {isa = PBXFileReference; lastKnownFileType = sourcecode.swift; path = KodiRemoteApp.swift; sourceTree = "<group>"; };
		D790FCAF28676F2200F0D694 /* ContentView.swift */ = {isa = PBXFileReference; lastKnownFileType = sourcecode.swift; path = ContentView.swift; sourceTree = "<group>"; };
		D790FCB028676F2300F0D694 /* Assets.xcassets */ = {isa = PBXFileReference; lastKnownFileType = folder.assetcatalog; path = Assets.xcassets; sourceTree = "<group>"; };
		D790FCB528676F2300F0D694 /* KodiRemote.app */ = {isa = PBXFileReference; explicitFileType = wrapper.application; includeInIndex = 0; path = KodiRemote.app; sourceTree = BUILT_PRODUCTS_DIR; };
		D790FCBB28676F2300F0D694 /* KodiRemote.app */ = {isa = PBXFileReference; explicitFileType = wrapper.application; includeInIndex = 0; path = KodiRemote.app; sourceTree = BUILT_PRODUCTS_DIR; };
		D790FCBD28676F2300F0D694 /* macOS.entitlements */ = {isa = PBXFileReference; lastKnownFileType = text.plist.entitlements; path = macOS.entitlements; sourceTree = "<group>"; };
		D790FCD028676F7C00F0D694 /* KodiRemoteTV.app */ = {isa = PBXFileReference; explicitFileType = wrapper.application; includeInIndex = 0; path = KodiRemoteTV.app; sourceTree = BUILT_PRODUCTS_DIR; };
		D790FCD628676F7E00F0D694 /* Assets.xcassets */ = {isa = PBXFileReference; lastKnownFileType = folder.assetcatalog; path = Assets.xcassets; sourceTree = "<group>"; };
		D790FCD928676F7E00F0D694 /* Preview Assets.xcassets */ = {isa = PBXFileReference; lastKnownFileType = folder.assetcatalog; path = "Preview Assets.xcassets"; sourceTree = "<group>"; };
		D790FCE12867702A00F0D694 /* SwiftlyKodiAPI */ = {isa = PBXFileReference; lastKnownFileType = wrapper; name = SwiftlyKodiAPI; path = ../..; sourceTree = "<group>"; };
/* End PBXFileReference section */

/* Begin PBXFrameworksBuildPhase section */
		D790FCB228676F2300F0D694 /* Frameworks */ = {
			isa = PBXFrameworksBuildPhase;
			buildActionMask = 2147483647;
			files = (
			);
			runOnlyForDeploymentPostprocessing = 0;
		};
		D790FCB828676F2300F0D694 /* Frameworks */ = {
			isa = PBXFrameworksBuildPhase;
			buildActionMask = 2147483647;
			files = (
				D790FCE62867704900F0D694 /* SwiftlyKodiAPI in Frameworks */,
			);
			runOnlyForDeploymentPostprocessing = 0;
		};
		D790FCCD28676F7C00F0D694 /* Frameworks */ = {
			isa = PBXFrameworksBuildPhase;
			buildActionMask = 2147483647;
			files = (
				D790FCE42867704300F0D694 /* SwiftlyKodiAPI in Frameworks */,
			);
			runOnlyForDeploymentPostprocessing = 0;
		};
/* End PBXFrameworksBuildPhase section */

/* Begin PBXGroup section */
		D790FCA828676F2100F0D694 = {
			isa = PBXGroup;
			children = (
				D790FCE12867702A00F0D694 /* SwiftlyKodiAPI */,
				D790FCAD28676F2200F0D694 /* Shared */,
				D790FCBC28676F2300F0D694 /* macOS */,
				D790FCD128676F7C00F0D694 /* KodiRemoteTV */,
				D790FCB628676F2300F0D694 /* Products */,
				D790FCE22867704300F0D694 /* Frameworks */,
			);
			sourceTree = "<group>";
		};
		D790FCAD28676F2200F0D694 /* Shared */ = {
			isa = PBXGroup;
			children = (
				D790FCAE28676F2200F0D694 /* KodiRemoteApp.swift */,
				D790FCAF28676F2200F0D694 /* ContentView.swift */,
				D790FCB028676F2300F0D694 /* Assets.xcassets */,
			);
			path = Shared;
			sourceTree = "<group>";
		};
		D790FCB628676F2300F0D694 /* Products */ = {
			isa = PBXGroup;
			children = (
				D790FCB528676F2300F0D694 /* KodiRemote.app */,
				D790FCBB28676F2300F0D694 /* KodiRemote.app */,
				D790FCD028676F7C00F0D694 /* KodiRemoteTV.app */,
			);
			name = Products;
			sourceTree = "<group>";
		};
		D790FCBC28676F2300F0D694 /* macOS */ = {
			isa = PBXGroup;
			children = (
				D790FCBD28676F2300F0D694 /* macOS.entitlements */,
			);
			path = macOS;
			sourceTree = "<group>";
		};
		D790FCD128676F7C00F0D694 /* KodiRemoteTV */ = {
			isa = PBXGroup;
			children = (
				D790FCD628676F7E00F0D694 /* Assets.xcassets */,
				D790FCD828676F7E00F0D694 /* Preview Content */,
			);
			path = KodiRemoteTV;
			sourceTree = "<group>";
		};
		D790FCD828676F7E00F0D694 /* Preview Content */ = {
			isa = PBXGroup;
			children = (
				D790FCD928676F7E00F0D694 /* Preview Assets.xcassets */,
			);
			path = "Preview Content";
			sourceTree = "<group>";
		};
		D790FCE22867704300F0D694 /* Frameworks */ = {
			isa = PBXGroup;
			children = (
			);
			name = Frameworks;
			sourceTree = "<group>";
		};
/* End PBXGroup section */

/* Begin PBXNativeTarget section */
		D790FCB428676F2300F0D694 /* KodiRemote (iOS) */ = {
			isa = PBXNativeTarget;
			buildConfigurationList = D790FCC628676F2300F0D694 /* Build configuration list for PBXNativeTarget "KodiRemote (iOS)" */;
			buildPhases = (
				D790FCB128676F2300F0D694 /* Sources */,
				D790FCB228676F2300F0D694 /* Frameworks */,
				D790FCB328676F2300F0D694 /* Resources */,
			);
			buildRules = (
			);
			dependencies = (
			);
			name = "KodiRemote (iOS)";
			productName = "KodiRemote (iOS)";
			productReference = D790FCB528676F2300F0D694 /* KodiRemote.app */;
			productType = "com.apple.product-type.application";
		};
		D790FCBA28676F2300F0D694 /* KodiRemote (macOS) */ = {
			isa = PBXNativeTarget;
			buildConfigurationList = D790FCC928676F2300F0D694 /* Build configuration list for PBXNativeTarget "KodiRemote (macOS)" */;
			buildPhases = (
				D790FCB728676F2300F0D694 /* Sources */,
				D790FCB828676F2300F0D694 /* Frameworks */,
				D790FCB928676F2300F0D694 /* Resources */,
			);
			buildRules = (
			);
			dependencies = (
			);
			name = "KodiRemote (macOS)";
			packageProductDependencies = (
				D790FCE52867704900F0D694 /* SwiftlyKodiAPI */,
			);
			productName = "KodiRemote (macOS)";
			productReference = D790FCBB28676F2300F0D694 /* KodiRemote.app */;
			productType = "com.apple.product-type.application";
		};
		D790FCCF28676F7C00F0D694 /* KodiRemoteTV */ = {
			isa = PBXNativeTarget;
			buildConfigurationList = D790FCDB28676F7E00F0D694 /* Build configuration list for PBXNativeTarget "KodiRemoteTV" */;
			buildPhases = (
				D790FCCC28676F7C00F0D694 /* Sources */,
				D790FCCD28676F7C00F0D694 /* Frameworks */,
				D790FCCE28676F7C00F0D694 /* Resources */,
			);
			buildRules = (
			);
			dependencies = (
			);
			name = KodiRemoteTV;
			packageProductDependencies = (
				D790FCE32867704300F0D694 /* SwiftlyKodiAPI */,
			);
			productName = KodiRemoteTV;
			productReference = D790FCD028676F7C00F0D694 /* KodiRemoteTV.app */;
			productType = "com.apple.product-type.application";
		};
/* End PBXNativeTarget section */

/* Begin PBXProject section */
		D790FCA928676F2100F0D694 /* Project object */ = {
			isa = PBXProject;
			attributes = {
				BuildIndependentTargetsInParallel = 1;
				LastSwiftUpdateCheck = 1340;
				LastUpgradeCheck = 1340;
				TargetAttributes = {
					D790FCB428676F2300F0D694 = {
						CreatedOnToolsVersion = 13.4.1;
					};
					D790FCBA28676F2300F0D694 = {
						CreatedOnToolsVersion = 13.4.1;
					};
					D790FCCF28676F7C00F0D694 = {
						CreatedOnToolsVersion = 13.4.1;
					};
				};
			};
			buildConfigurationList = D790FCAC28676F2100F0D694 /* Build configuration list for PBXProject "KodiRemote" */;
			compatibilityVersion = "Xcode 13.0";
			developmentRegion = en;
			hasScannedForEncodings = 0;
			knownRegions = (
				en,
				Base,
			);
			mainGroup = D790FCA828676F2100F0D694;
			productRefGroup = D790FCB628676F2300F0D694 /* Products */;
			projectDirPath = "";
			projectRoot = "";
			targets = (
				D790FCB428676F2300F0D694 /* KodiRemote (iOS) */,
				D790FCBA28676F2300F0D694 /* KodiRemote (macOS) */,
				D790FCCF28676F7C00F0D694 /* KodiRemoteTV */,
			);
		};
/* End PBXProject section */

/* Begin PBXResourcesBuildPhase section */
		D790FCB328676F2300F0D694 /* Resources */ = {
			isa = PBXResourcesBuildPhase;
			buildActionMask = 2147483647;
			files = (
				D790FCC228676F2300F0D694 /* Assets.xcassets in Resources */,
			);
			runOnlyForDeploymentPostprocessing = 0;
		};
		D790FCB928676F2300F0D694 /* Resources */ = {
			isa = PBXResourcesBuildPhase;
			buildActionMask = 2147483647;
			files = (
				D790FCC328676F2300F0D694 /* Assets.xcassets in Resources */,
			);
			runOnlyForDeploymentPostprocessing = 0;
		};
		D790FCCE28676F7C00F0D694 /* Resources */ = {
			isa = PBXResourcesBuildPhase;
			buildActionMask = 2147483647;
			files = (
				D790FCE028676FF100F0D694 /* Assets.xcassets in Resources */,
			);
			runOnlyForDeploymentPostprocessing = 0;
		};
/* End PBXResourcesBuildPhase section */

/* Begin PBXSourcesBuildPhase section */
		D790FCB128676F2300F0D694 /* Sources */ = {
			isa = PBXSourcesBuildPhase;
			buildActionMask = 2147483647;
			files = (
				D790FCC028676F2300F0D694 /* ContentView.swift in Sources */,
				D790FCBE28676F2300F0D694 /* KodiRemoteApp.swift in Sources */,
			);
			runOnlyForDeploymentPostprocessing = 0;
		};
		D790FCB728676F2300F0D694 /* Sources */ = {
			isa = PBXSourcesBuildPhase;
			buildActionMask = 2147483647;
			files = (
				D790FCC128676F2300F0D694 /* ContentView.swift in Sources */,
				D790FCBF28676F2300F0D694 /* KodiRemoteApp.swift in Sources */,
			);
			runOnlyForDeploymentPostprocessing = 0;
		};
		D790FCCC28676F7C00F0D694 /* Sources */ = {
			isa = PBXSourcesBuildPhase;
			buildActionMask = 2147483647;
			files = (
				D790FCDE28676FB200F0D694 /* KodiRemoteApp.swift in Sources */,
				D790FCDF28676FB600F0D694 /* ContentView.swift in Sources */,
			);
			runOnlyForDeploymentPostprocessing = 0;
		};
/* End PBXSourcesBuildPhase section */

/* Begin XCBuildConfiguration section */
		D790FCC428676F2300F0D694 /* Debug */ = {
			isa = XCBuildConfiguration;
			buildSettings = {
				ALWAYS_SEARCH_USER_PATHS = NO;
				CLANG_ANALYZER_NONNULL = YES;
				CLANG_ANALYZER_NUMBER_OBJECT_CONVERSION = YES_AGGRESSIVE;
				CLANG_CXX_LANGUAGE_STANDARD = "gnu++17";
				CLANG_ENABLE_MODULES = YES;
				CLANG_ENABLE_OBJC_ARC = YES;
				CLANG_ENABLE_OBJC_WEAK = YES;
				CLANG_WARN_BLOCK_CAPTURE_AUTORELEASING = YES;
				CLANG_WARN_BOOL_CONVERSION = YES;
				CLANG_WARN_COMMA = YES;
				CLANG_WARN_CONSTANT_CONVERSION = YES;
				CLANG_WARN_DEPRECATED_OBJC_IMPLEMENTATIONS = YES;
				CLANG_WARN_DIRECT_OBJC_ISA_USAGE = YES_ERROR;
				CLANG_WARN_DOCUMENTATION_COMMENTS = YES;
				CLANG_WARN_EMPTY_BODY = YES;
				CLANG_WARN_ENUM_CONVERSION = YES;
				CLANG_WARN_INFINITE_RECURSION = YES;
				CLANG_WARN_INT_CONVERSION = YES;
				CLANG_WARN_NON_LITERAL_NULL_CONVERSION = YES;
				CLANG_WARN_OBJC_IMPLICIT_RETAIN_SELF = YES;
				CLANG_WARN_OBJC_LITERAL_CONVERSION = YES;
				CLANG_WARN_OBJC_ROOT_CLASS = YES_ERROR;
				CLANG_WARN_QUOTED_INCLUDE_IN_FRAMEWORK_HEADER = YES;
				CLANG_WARN_RANGE_LOOP_ANALYSIS = YES;
				CLANG_WARN_STRICT_PROTOTYPES = YES;
				CLANG_WARN_SUSPICIOUS_MOVE = YES;
				CLANG_WARN_UNGUARDED_AVAILABILITY = YES_AGGRESSIVE;
				CLANG_WARN_UNREACHABLE_CODE = YES;
				CLANG_WARN__DUPLICATE_METHOD_MATCH = YES;
				COPY_PHASE_STRIP = NO;
				DEBUG_INFORMATION_FORMAT = dwarf;
				ENABLE_STRICT_OBJC_MSGSEND = YES;
				ENABLE_TESTABILITY = YES;
				GCC_C_LANGUAGE_STANDARD = gnu11;
				GCC_DYNAMIC_NO_PIC = NO;
				GCC_NO_COMMON_BLOCKS = YES;
				GCC_OPTIMIZATION_LEVEL = 0;
				GCC_PREPROCESSOR_DEFINITIONS = (
					"DEBUG=1",
					"$(inherited)",
				);
				GCC_WARN_64_TO_32_BIT_CONVERSION = YES;
				GCC_WARN_ABOUT_RETURN_TYPE = YES_ERROR;
				GCC_WARN_UNDECLARED_SELECTOR = YES;
				GCC_WARN_UNINITIALIZED_AUTOS = YES_AGGRESSIVE;
				GCC_WARN_UNUSED_FUNCTION = YES;
				GCC_WARN_UNUSED_VARIABLE = YES;
				MTL_ENABLE_DEBUG_INFO = INCLUDE_SOURCE;
				MTL_FAST_MATH = YES;
				ONLY_ACTIVE_ARCH = YES;
				SWIFT_ACTIVE_COMPILATION_CONDITIONS = DEBUG;
				SWIFT_OPTIMIZATION_LEVEL = "-Onone";
			};
			name = Debug;
		};
		D790FCC528676F2300F0D694 /* Release */ = {
			isa = XCBuildConfiguration;
			buildSettings = {
				ALWAYS_SEARCH_USER_PATHS = NO;
				CLANG_ANALYZER_NONNULL = YES;
				CLANG_ANALYZER_NUMBER_OBJECT_CONVERSION = YES_AGGRESSIVE;
				CLANG_CXX_LANGUAGE_STANDARD = "gnu++17";
				CLANG_ENABLE_MODULES = YES;
				CLANG_ENABLE_OBJC_ARC = YES;
				CLANG_ENABLE_OBJC_WEAK = YES;
				CLANG_WARN_BLOCK_CAPTURE_AUTORELEASING = YES;
				CLANG_WARN_BOOL_CONVERSION = YES;
				CLANG_WARN_COMMA = YES;
				CLANG_WARN_CONSTANT_CONVERSION = YES;
				CLANG_WARN_DEPRECATED_OBJC_IMPLEMENTATIONS = YES;
				CLANG_WARN_DIRECT_OBJC_ISA_USAGE = YES_ERROR;
				CLANG_WARN_DOCUMENTATION_COMMENTS = YES;
				CLANG_WARN_EMPTY_BODY = YES;
				CLANG_WARN_ENUM_CONVERSION = YES;
				CLANG_WARN_INFINITE_RECURSION = YES;
				CLANG_WARN_INT_CONVERSION = YES;
				CLANG_WARN_NON_LITERAL_NULL_CONVERSION = YES;
				CLANG_WARN_OBJC_IMPLICIT_RETAIN_SELF = YES;
				CLANG_WARN_OBJC_LITERAL_CONVERSION = YES;
				CLANG_WARN_OBJC_ROOT_CLASS = YES_ERROR;
				CLANG_WARN_QUOTED_INCLUDE_IN_FRAMEWORK_HEADER = YES;
				CLANG_WARN_RANGE_LOOP_ANALYSIS = YES;
				CLANG_WARN_STRICT_PROTOTYPES = YES;
				CLANG_WARN_SUSPICIOUS_MOVE = YES;
				CLANG_WARN_UNGUARDED_AVAILABILITY = YES_AGGRESSIVE;
				CLANG_WARN_UNREACHABLE_CODE = YES;
				CLANG_WARN__DUPLICATE_METHOD_MATCH = YES;
				COPY_PHASE_STRIP = NO;
				DEBUG_INFORMATION_FORMAT = "dwarf-with-dsym";
				ENABLE_NS_ASSERTIONS = NO;
				ENABLE_STRICT_OBJC_MSGSEND = YES;
				GCC_C_LANGUAGE_STANDARD = gnu11;
				GCC_NO_COMMON_BLOCKS = YES;
				GCC_WARN_64_TO_32_BIT_CONVERSION = YES;
				GCC_WARN_ABOUT_RETURN_TYPE = YES_ERROR;
				GCC_WARN_UNDECLARED_SELECTOR = YES;
				GCC_WARN_UNINITIALIZED_AUTOS = YES_AGGRESSIVE;
				GCC_WARN_UNUSED_FUNCTION = YES;
				GCC_WARN_UNUSED_VARIABLE = YES;
				MTL_ENABLE_DEBUG_INFO = NO;
				MTL_FAST_MATH = YES;
				SWIFT_COMPILATION_MODE = wholemodule;
				SWIFT_OPTIMIZATION_LEVEL = "-O";
			};
			name = Release;
		};
		D790FCC728676F2300F0D694 /* Debug */ = {
			isa = XCBuildConfiguration;
			buildSettings = {
				ASSETCATALOG_COMPILER_APPICON_NAME = AppIcon;
				ASSETCATALOG_COMPILER_GLOBAL_ACCENT_COLOR_NAME = AccentColor;
				CODE_SIGN_STYLE = Automatic;
				CURRENT_PROJECT_VERSION = 1;
				DEVELOPMENT_TEAM = FHPCJ7396C;
				ENABLE_PREVIEWS = YES;
				GENERATE_INFOPLIST_FILE = YES;
				INFOPLIST_KEY_UIApplicationSceneManifest_Generation = YES;
				INFOPLIST_KEY_UIApplicationSupportsIndirectInputEvents = YES;
				INFOPLIST_KEY_UILaunchScreen_Generation = YES;
				INFOPLIST_KEY_UISupportedInterfaceOrientations_iPad = "UIInterfaceOrientationPortrait UIInterfaceOrientationPortraitUpsideDown UIInterfaceOrientationLandscapeLeft UIInterfaceOrientationLandscapeRight";
				INFOPLIST_KEY_UISupportedInterfaceOrientations_iPhone = "UIInterfaceOrientationPortrait UIInterfaceOrientationLandscapeLeft UIInterfaceOrientationLandscapeRight";
				IPHONEOS_DEPLOYMENT_TARGET = 15.5;
				LD_RUNPATH_SEARCH_PATHS = (
					"$(inherited)",
					"@executable_path/Frameworks",
				);
				MARKETING_VERSION = 1.0;
				PRODUCT_BUNDLE_IDENTIFIER = nl.desbeers.KodiRemote;
				PRODUCT_NAME = KodiRemote;
				SDKROOT = iphoneos;
				SWIFT_EMIT_LOC_STRINGS = YES;
				SWIFT_VERSION = 5.0;
				TARGETED_DEVICE_FAMILY = "1,2";
			};
			name = Debug;
		};
		D790FCC828676F2300F0D694 /* Release */ = {
			isa = XCBuildConfiguration;
			buildSettings = {
				ASSETCATALOG_COMPILER_APPICON_NAME = AppIcon;
				ASSETCATALOG_COMPILER_GLOBAL_ACCENT_COLOR_NAME = AccentColor;
				CODE_SIGN_STYLE = Automatic;
				CURRENT_PROJECT_VERSION = 1;
				DEVELOPMENT_TEAM = FHPCJ7396C;
				ENABLE_PREVIEWS = YES;
				GENERATE_INFOPLIST_FILE = YES;
				INFOPLIST_KEY_UIApplicationSceneManifest_Generation = YES;
				INFOPLIST_KEY_UIApplicationSupportsIndirectInputEvents = YES;
				INFOPLIST_KEY_UILaunchScreen_Generation = YES;
				INFOPLIST_KEY_UISupportedInterfaceOrientations_iPad = "UIInterfaceOrientationPortrait UIInterfaceOrientationPortraitUpsideDown UIInterfaceOrientationLandscapeLeft UIInterfaceOrientationLandscapeRight";
				INFOPLIST_KEY_UISupportedInterfaceOrientations_iPhone = "UIInterfaceOrientationPortrait UIInterfaceOrientationLandscapeLeft UIInterfaceOrientationLandscapeRight";
				IPHONEOS_DEPLOYMENT_TARGET = 15.5;
				LD_RUNPATH_SEARCH_PATHS = (
					"$(inherited)",
					"@executable_path/Frameworks",
				);
				MARKETING_VERSION = 1.0;
				PRODUCT_BUNDLE_IDENTIFIER = nl.desbeers.KodiRemote;
				PRODUCT_NAME = KodiRemote;
				SDKROOT = iphoneos;
				SWIFT_EMIT_LOC_STRINGS = YES;
				SWIFT_VERSION = 5.0;
				TARGETED_DEVICE_FAMILY = "1,2";
				VALIDATE_PRODUCT = YES;
			};
			name = Release;
		};
		D790FCCA28676F2300F0D694 /* Debug */ = {
			isa = XCBuildConfiguration;
			buildSettings = {
				ASSETCATALOG_COMPILER_APPICON_NAME = AppIcon;
				ASSETCATALOG_COMPILER_GLOBAL_ACCENT_COLOR_NAME = AccentColor;
				CODE_SIGN_ENTITLEMENTS = macOS/macOS.entitlements;
				CODE_SIGN_STYLE = Automatic;
				COMBINE_HIDPI_IMAGES = YES;
				CURRENT_PROJECT_VERSION = 1;
				DEVELOPMENT_TEAM = FHPCJ7396C;
				ENABLE_HARDENED_RUNTIME = YES;
				ENABLE_PREVIEWS = YES;
				GENERATE_INFOPLIST_FILE = YES;
				INFOPLIST_KEY_NSHumanReadableCopyright = "";
				LD_RUNPATH_SEARCH_PATHS = (
					"$(inherited)",
					"@executable_path/../Frameworks",
				);
				MACOSX_DEPLOYMENT_TARGET = 12.3;
				MARKETING_VERSION = 1.0;
				PRODUCT_BUNDLE_IDENTIFIER = nl.desbeers.KodiRemote;
				PRODUCT_NAME = KodiRemote;
				SDKROOT = macosx;
				SWIFT_EMIT_LOC_STRINGS = YES;
				SWIFT_VERSION = 5.0;
			};
			name = Debug;
		};
		D790FCCB28676F2300F0D694 /* Release */ = {
			isa = XCBuildConfiguration;
			buildSettings = {
				ASSETCATALOG_COMPILER_APPICON_NAME = AppIcon;
				ASSETCATALOG_COMPILER_GLOBAL_ACCENT_COLOR_NAME = AccentColor;
				CODE_SIGN_ENTITLEMENTS = macOS/macOS.entitlements;
				CODE_SIGN_STYLE = Automatic;
				COMBINE_HIDPI_IMAGES = YES;
				CURRENT_PROJECT_VERSION = 1;
				DEVELOPMENT_TEAM = FHPCJ7396C;
				ENABLE_HARDENED_RUNTIME = YES;
				ENABLE_PREVIEWS = YES;
				GENERATE_INFOPLIST_FILE = YES;
				INFOPLIST_KEY_NSHumanReadableCopyright = "";
				LD_RUNPATH_SEARCH_PATHS = (
					"$(inherited)",
					"@executable_path/../Frameworks",
				);
				MACOSX_DEPLOYMENT_TARGET = 12.3;
				MARKETING_VERSION = 1.0;
				PRODUCT_BUNDLE_IDENTIFIER = nl.desbeers.KodiRemote;
				PRODUCT_NAME = KodiRemote;
				SDKROOT = macosx;
				SWIFT_EMIT_LOC_STRINGS = YES;
				SWIFT_VERSION = 5.0;
			};
			name = Release;
		};
		D790FCDC28676F7E00F0D694 /* Debug */ = {
			isa = XCBuildConfiguration;
			buildSettings = {
				ASSETCATALOG_COMPILER_APPICON_NAME = "App Icon & Top Shelf Image";
				ASSETCATALOG_COMPILER_GLOBAL_ACCENT_COLOR_NAME = AccentColor;
				CODE_SIGN_STYLE = Automatic;
				CURRENT_PROJECT_VERSION = 1;
				DEVELOPMENT_ASSET_PATHS = "\"KodiRemoteTV/Preview Content\"";
				DEVELOPMENT_TEAM = FHPCJ7396C;
				ENABLE_PREVIEWS = YES;
				GENERATE_INFOPLIST_FILE = YES;
				INFOPLIST_KEY_UILaunchScreen_Generation = YES;
				INFOPLIST_KEY_UIUserInterfaceStyle = Automatic;
				LD_RUNPATH_SEARCH_PATHS = (
					"$(inherited)",
					"@executable_path/Frameworks",
				);
				MARKETING_VERSION = 1.0;
				PRODUCT_BUNDLE_IDENTIFIER = nl.desbeers.KodiRemoteTV;
				PRODUCT_NAME = "$(TARGET_NAME)";
				SDKROOT = appletvos;
				SWIFT_EMIT_LOC_STRINGS = YES;
				SWIFT_VERSION = 5.0;
				TARGETED_DEVICE_FAMILY = 3;
				TVOS_DEPLOYMENT_TARGET = 15.4;
			};
			name = Debug;
		};
		D790FCDD28676F7E00F0D694 /* Release */ = {
			isa = XCBuildConfiguration;
			buildSettings = {
				ASSETCATALOG_COMPILER_APPICON_NAME = "App Icon & Top Shelf Image";
				ASSETCATALOG_COMPILER_GLOBAL_ACCENT_COLOR_NAME = AccentColor;
				CODE_SIGN_STYLE = Automatic;
				CURRENT_PROJECT_VERSION = 1;
				DEVELOPMENT_ASSET_PATHS = "\"KodiRemoteTV/Preview Content\"";
				DEVELOPMENT_TEAM = FHPCJ7396C;
				ENABLE_PREVIEWS = YES;
				GENERATE_INFOPLIST_FILE = YES;
				INFOPLIST_KEY_UILaunchScreen_Generation = YES;
				INFOPLIST_KEY_UIUserInterfaceStyle = Automatic;
				LD_RUNPATH_SEARCH_PATHS = (
					"$(inherited)",
					"@executable_path/Frameworks",
				);
				MARKETING_VERSION = 1.0;
				PRODUCT_BUNDLE_IDENTIFIER = nl.desbeers.KodiRemoteTV;
				PRODUCT_NAME = "$(TARGET_NAME)";
				SDKROOT = appletvos;
				SWIFT_EMIT_LOC_STRINGS = YES;
				SWIFT_VERSION = 5.0;
				TARGETED_DEVICE_FAMILY = 3;
				TVOS_DEPLOYMENT_TARGET = 15.4;
				VALIDATE_PRODUCT = YES;
			};
			name = Release;
		};
/* End XCBuildConfiguration section */

/* Begin XCConfigurationList section */
		D790FCAC28676F2100F0D694 /* Build configuration list for PBXProject "KodiRemote" */ = {
			isa = XCConfigurationList;
			buildConfigurations = (
				D790FCC428676F2300F0D694 /* Debug */,
				D790FCC528676F2300F0D694 /* Release */,
			);
			defaultConfigurationIsVisible = 0;
			defaultConfigurationName = Release;
		};
		D790FCC628676F2300F0D694 /* Build configuration list for PBXNativeTarget "KodiRemote (iOS)" */ = {
			isa = XCConfigurationList;
			buildConfigurations = (
				D790FCC728676F2300F0D694 /* Debug */,
				D790FCC828676F2300F0D694 /* Release */,
			);
			defaultConfigurationIsVisible = 0;
			defaultConfigurationName = Release;
		};
		D790FCC928676F2300F0D694 /* Build configuration list for PBXNativeTarget "KodiRemote (macOS)" */ = {
			isa = XCConfigurationList;
			buildConfigurations = (
				D790FCCA28676F2300F0D694 /* Debug */,
				D790FCCB28676F2300F0D694 /* Release */,
			);
			defaultConfigurationIsVisible = 0;
			defaultConfigurationName = Release;
		};
		D790FCDB28676F7E00F0D694 /* Build configuration list for PBXNativeTarget "KodiRemoteTV" */ = {
			isa = XCConfigurationList;
			buildConfigurations = (
				D790FCDC28676F7E00F0D694 /* Debug */,
				D790FCDD28676F7E00F0D694 /* Release */,
			);
			defaultConfigurationIsVisible = 0;
			defaultConfigurationName = Release;
		};
/* End XCConfigurationList section */

/* Begin XCSwiftPackageProductDependency section */
		D790FCE32867704300F0D694 /* SwiftlyKodiAPI */ = {
			isa = XCSwiftPackageProductDependency;
			productName = SwiftlyKodiAPI;
		};
		D790FCE52867704900F0D694 /* SwiftlyKodiAPI */ = {
			isa = XCSwiftPackageProductDependency;
			productName = SwiftlyKodiAPI;
		};
/* End XCSwiftPackageProductDependency section */
	};
	rootObject = D790FCA928676F2100F0D694 /* Project object */;
}
